
Microsoft Visual Studio Solution File, Format Version 12.00
# Visual Studio Version 16
VisualStudioVersion = 16.0.29318.209
MinimumVisualStudioVersion = 10.0.40219.1
Project("{FAE04EC0-301F-11D3-BF4B-00C04F79EFBC}") = "AspNetCore3Vue", "AspNetCore3Vue\AspNetCore3Vue.csproj", "{F9DDB21A-A750-416B-85D9-95860CF64BA3}"
EndProject
Global
	GlobalSection(SolutionConfigurationPlatforms) = preSolution
		Debug|Any CPU = Debug|Any CPU
		Release|Any CPU = Release|Any CPU
	EndGlobalSection
	GlobalSection(ProjectConfigurationPlatforms) = postSolution
		{F9DDB21A-A750-416B-85D9-95860CF64BA3}.Debug|Any CPU.ActiveCfg = Debug|Any CPU
		{F9DDB21A-A750-416B-85D9-95860CF64BA3}.Debug|Any CPU.Build.0 = Debug|Any CPU
		{F9DDB21A-A750-416B-85D9-95860CF64BA3}.Release|Any CPU.ActiveCfg = Release|Any CPU
		{F9DDB21A-A750-416B-85D9-95860CF64BA3}.Release|Any CPU.Build.0 = Release|Any CPU
	EndGlobalSection
	GlobalSection(SolutionProperties) = preSolution
		HideSolutionNode = FALSE
	EndGlobalSection
	GlobalSection(ExtensibilityGlobals) = postSolution
		SolutionGuid = {8A7B643B-0A90-4E04-ABF8-C38128CEC7B8}
	EndGlobalSection
EndGlobal
